
Microsoft Visual Studio Solution File, Format Version 12.00
# Visual Studio Version 17
VisualStudioVersion = 17.14.36414.22 d17.14
MinimumVisualStudioVersion = 10.0.40219.1
Project("{FAE04EC0-301F-11D3-BF4B-00C04F79EFBC}") = "Assignment2.4.3", "Assignment2.4.3.csproj", "{BAEE93A8-FD35-49CF-BA58-44E1CB8694CE}"
EndProject
Global
	GlobalSection(SolutionConfigurationPlatforms) = preSolution
		Debug|Any CPU = Debug|Any CPU
		Release|Any CPU = Release|Any CPU
	EndGlobalSection
	GlobalSection(ProjectConfigurationPlatforms) = postSolution
		{BAEE93A8-FD35-49CF-BA58-44E1CB8694CE}.Debug|Any CPU.ActiveCfg = Debug|Any CPU
		{BAEE93A8-FD35-49CF-BA58-44E1CB8694CE}.Debug|Any CPU.Build.0 = Debug|Any CPU
		{BAEE93A8-FD35-49CF-BA58-44E1CB8694CE}.Release|Any CPU.ActiveCfg = Release|Any CPU
		{BAEE93A8-FD35-49CF-BA58-44E1CB8694CE}.Release|Any CPU.Build.0 = Release|Any CPU
	EndGlobalSection
	GlobalSection(SolutionProperties) = preSolution
		HideSolutionNode = FALSE
	EndGlobalSection
	GlobalSection(ExtensibilityGlobals) = postSolution
		SolutionGuid = {D83AFDE8-6B3B-4C54-9177-C49A26029C51}
	EndGlobalSection
EndGlobal
